github.com/google/go-querystring v0.0.0-20170111101155-53e6ce116135 h1:zLTLjkaOFEFIOxY5BWLFLwh+cL8vOBW4XJ2aqLE/Tf0=
github.com/google/go-querystring v0.0.0-20170111101155-53e6ce116135/go.mod h1:odCYkC5MyYFN7vkCjXpyrEuKhc/BUO6wN/zVPAxq5ck=
github.com/google/go-querystring v1.0.0 h1:Xkwi/a1rcvNg1PPYe5vI8GbeBY/jrVuDX5ASuANWTrk=
github.com/google/go-querystring v1.0.0/go.mod h1:odCYkC5MyYFN7vkCjXpyrEuKhc/BUO6wN/zVPAxq5ck=
gopkg.in/dgrijalva/jwt-go.v3 v3.2.0 h1:N46iQqOtHry7Hxzb9PGrP68oovQmj7EhudNoKHvbOvI=
gopkg.in/dgrijalva/jwt-go.v3 v3.2.0/go.mod h1:hdNXC2Z9yC029rvsQ/on2ZNQ44Z2XToVhpXXbR+J05A=
